
Microsoft Visual Studio Solution File, Format Version 12.00
# Visual Studio Version 17
VisualStudioVersion = 17.5.33502.453
MinimumVisualStudioVersion = 10.0.40219.1
Project("{9A19103F-16F7-4668-BE54-9A1E7A4F7556}") = "TiisShop.Domain", "src\TiisShop.Domain\TiisShop.Domain.csproj", "{554AD327-6DBA-4F8F-96F8-81CE7A0C863F}"
EndProject
Project("{9A19103F-16F7-4668-BE54-9A1E7A4F7556}") = "TiisShop.Application", "src\TiisShop.Application\TiisShop.Application.csproj", "{1A94A50E-06DC-43C1-80B5-B662820EC3EB}"
EndProject
Project("{9A19103F-16F7-4668-BE54-9A1E7A4F7556}") = "TiisShop.EntityFrameworkCore", "src\TiisShop.EntityFrameworkCore\TiisShop.EntityFrameworkCore.csproj", "{C956DD76-69C8-4A9C-83EA-D17DF83340FD}"
EndProject
Project("{2150E333-8FDC-42A3-9474-1A3956D46DE8}") = "src", "src", "{CA9AC87F-097E-4F15-8393-4BC07735A5B0}"
EndProject
Project("{2150E333-8FDC-42A3-9474-1A3956D46DE8}") = "test", "test", "{04DBDB01-70F4-4E06-B468-8F87850B22BE}"
EndProject
Project("{9A19103F-16F7-4668-BE54-9A1E7A4F7556}") = "TiisShop.Application.Tests", "test\TiisShop.Application.Tests\TiisShop.Application.Tests.csproj", "{50B2631D-129C-47B3-A587-029CCD6099BC}"
EndProject
Project("{9A19103F-16F7-4668-BE54-9A1E7A4F7556}") = "TiisShop.Domain.Shared", "src\TiisShop.Domain.Shared\TiisShop.Domain.Shared.csproj", "{42F719ED-8413-4895-B5B4-5AB56079BC66}"
EndProject
Project("{9A19103F-16F7-4668-BE54-9A1E7A4F7556}") = "TiisShop.Application.Contracts", "src\TiisShop.Application.Contracts\TiisShop.Application.Contracts.csproj", "{520659C8-C734-4298-A3DA-B539DB9DFC0B}"
EndProject
Project("{9A19103F-16F7-4668-BE54-9A1E7A4F7556}") = "TiisShop.HttpApi", "src\TiisShop.HttpApi\TiisShop.HttpApi.csproj", "{4164BDF7-F527-4E85-9CE6-E3C2D7426A27}"
EndProject
Project("{9A19103F-16F7-4668-BE54-9A1E7A4F7556}") = "TiisShop.HttpApi.Client", "src\TiisShop.HttpApi.Client\TiisShop.HttpApi.Client.csproj", "{3B5A0094-670D-4BB1-BFDD-61B88A8773DC}"
EndProject
Project("{9A19103F-16F7-4668-BE54-9A1E7A4F7556}") = "TiisShop.AuthServer", "src\TiisShop.AuthServer\TiisShop.AuthServer.csproj", "{073C361E-B8F4-49F5-93CC-72A3FF49C026}"
EndProject
Project("{9A19103F-16F7-4668-BE54-9A1E7A4F7556}") = "TiisShop.HttpApi.Host", "src\TiisShop.HttpApi.Host\TiisShop.HttpApi.Host.csproj", "{E6D5BF0E-DE92-4D82-A352-EF04B37CB11C}"
EndProject
Project("{9A19103F-16F7-4668-BE54-9A1E7A4F7556}") = "TiisShop.EntityFrameworkCore.Tests", "test\TiisShop.EntityFrameworkCore.Tests\TiisShop.EntityFrameworkCore.Tests.csproj", "{1FE30EB9-74A9-47F5-A9F6-7B1FAB672D81}"
EndProject
Project("{9A19103F-16F7-4668-BE54-9A1E7A4F7556}") = "TiisShop.TestBase", "test\TiisShop.TestBase\TiisShop.TestBase.csproj", "{91853F21-9CD9-4132-BC29-A7D5D84FFFE7}"
EndProject
Project("{9A19103F-16F7-4668-BE54-9A1E7A4F7556}") = "TiisShop.Domain.Tests", "test\TiisShop.Domain.Tests\TiisShop.Domain.Tests.csproj", "{E512F4D9-9375-480F-A2F6-A46509F9D824}"
EndProject
Project("{9A19103F-16F7-4668-BE54-9A1E7A4F7556}") = "TiisShop.HttpApi.Client.ConsoleTestApp", "test\TiisShop.HttpApi.Client.ConsoleTestApp\TiisShop.HttpApi.Client.ConsoleTestApp.csproj", "{EF480016-9127-4916-8735-D2466BDBC582}"
EndProject
Project("{9A19103F-16F7-4668-BE54-9A1E7A4F7556}") = "TiisShop.DbMigrator", "src\TiisShop.DbMigrator\TiisShop.DbMigrator.csproj", "{AA94D832-1CCC-4715-95A9-A483F23A1A5D}"
EndProject
Project("{2150E333-8FDC-42A3-9474-1A3956D46DE8}") = "identity", "identity", "{19765ACE-D0C2-4A84-B0D5-B1CEA3CC6ADA}"
EndProject
Project("{2150E333-8FDC-42A3-9474-1A3956D46DE8}") = "common", "common", "{D789CB94-87AC-4E79-A7FB-E9DBC48814CA}"
EndProject
Project("{2150E333-8FDC-42A3-9474-1A3956D46DE8}") = "domain", "domain", "{0DD08DAD-8049-467F-9AA2-3B8376EFF228}"
EndProject
Project("{2150E333-8FDC-42A3-9474-1A3956D46DE8}") = "infranstructure", "infranstructure", "{6B677615-FC63-4E78-BF57-AACB33CCC376}"
EndProject
Project("{2150E333-8FDC-42A3-9474-1A3956D46DE8}") = "public", "public", "{E673245F-AAEF-469D-99C1-4DFE50D26021}"
EndProject
Project("{2150E333-8FDC-42A3-9474-1A3956D46DE8}") = "admin", "admin", "{1BEF0ECA-D198-47C1-B92F-6082E3204250}"
EndProject
Project("{9A19103F-16F7-4668-BE54-9A1E7A4F7556}") = "TiisShop.Admin.Application", "src\TiisShop.Admin.Application\TiisShop.Admin.Application.csproj", "{6E859FF6-8CE8-40B5-A2A2-E226369C0352}"
EndProject
Project("{9A19103F-16F7-4668-BE54-9A1E7A4F7556}") = "TiisShop.Admin.Application.Contracts", "src\TiisShop.Admin.Application.Contracts\TiisShop.Admin.Application.Contracts.csproj", "{D9E9DA9E-2175-4037-9D50-04C91D2746C2}"
EndProject
Project("{9A19103F-16F7-4668-BE54-9A1E7A4F7556}") = "TiisShop.Admin.HttpApi", "src\TiisShop.Admin.HttpApi\TiisShop.Admin.HttpApi.csproj", "{2A81046B-0B01-4A4E-814C-DB42B4AB0407}"
EndProject
Project("{9A19103F-16F7-4668-BE54-9A1E7A4F7556}") = "TiisShop.Admin.HttpApi.Client", "src\TiisShop.Admin.HttpApi.Client\TiisShop.Admin.HttpApi.Client.csproj", "{2D60F9A7-7C70-4F8A-8D22-B009F11FEF3A}"
EndProject
Project("{9A19103F-16F7-4668-BE54-9A1E7A4F7556}") = "TiisShop.Admin.HttpApi.Host", "src\TiisShop.Admin.HttpApi.Host\TiisShop.Admin.HttpApi.Host.csproj", "{01455DC6-9F27-4279-B6BE-4DFC403E9C11}"
EndProject
Project("{2150E333-8FDC-42A3-9474-1A3956D46DE8}") = "public", "public", "{19A29F80-D30E-4648-9E13-0BD7BF02C3CB}"
EndProject
Project("{2150E333-8FDC-42A3-9474-1A3956D46DE8}") = "admin", "admin", "{272E9A2C-C90A-4C4E-9C8B-0E13DEE774BD}"
EndProject
Project("{9A19103F-16F7-4668-BE54-9A1E7A4F7556}") = "TiisShop.Admin.Application.Tests", "test\TiisShop.Admin.Application.Tests\TiisShop.Admin.Application.Tests.csproj", "{E47FED42-E2DC-4863-9F98-29217B0FAF4A}"
EndProject
Project("{9A19103F-16F7-4668-BE54-9A1E7A4F7556}") = "TiisShop.Admin.HttpApi.Client.ConsoleTestApp", "test\TiisShop.Admin.HttpApi.Client.ConsoleTestApp\TiisShop.Admin.HttpApi.Client.ConsoleTestApp.csproj", "{3E04C576-8890-4518-9C75-9326F938EF86}"
EndProject
Project("{2150E333-8FDC-42A3-9474-1A3956D46DE8}") = "shared", "shared", "{73F0A9C4-188F-43B8-952F-563412C1D27B}"
EndProject
Global
	GlobalSection(SolutionConfigurationPlatforms) = preSolution
		Debug|Any CPU = Debug|Any CPU
		Release|Any CPU = Release|Any CPU
	EndGlobalSection
	GlobalSection(ProjectConfigurationPlatforms) = postSolution
		{554AD327-6DBA-4F8F-96F8-81CE7A0C863F}.Debug|Any CPU.ActiveCfg = Debug|Any CPU
		{554AD327-6DBA-4F8F-96F8-81CE7A0C863F}.Debug|Any CPU.Build.0 = Debug|Any CPU
		{554AD327-6DBA-4F8F-96F8-81CE7A0C863F}.Release|Any CPU.ActiveCfg = Release|Any CPU
		{554AD327-6DBA-4F8F-96F8-81CE7A0C863F}.Release|Any CPU.Build.0 = Release|Any CPU
		{1A94A50E-06DC-43C1-80B5-B662820EC3EB}.Debug|Any CPU.ActiveCfg = Debug|Any CPU
		{1A94A50E-06DC-43C1-80B5-B662820EC3EB}.Debug|Any CPU.Build.0 = Debug|Any CPU
		{1A94A50E-06DC-43C1-80B5-B662820EC3EB}.Release|Any CPU.ActiveCfg = Release|Any CPU
		{1A94A50E-06DC-43C1-80B5-B662820EC3EB}.Release|Any CPU.Build.0 = Release|Any CPU
		{C956DD76-69C8-4A9C-83EA-D17DF83340FD}.Debug|Any CPU.ActiveCfg = Debug|Any CPU
		{C956DD76-69C8-4A9C-83EA-D17DF83340FD}.Debug|Any CPU.Build.0 = Debug|Any CPU
		{C956DD76-69C8-4A9C-83EA-D17DF83340FD}.Release|Any CPU.ActiveCfg = Release|Any CPU
		{C956DD76-69C8-4A9C-83EA-D17DF83340FD}.Release|Any CPU.Build.0 = Release|Any CPU
		{50B2631D-129C-47B3-A587-029CCD6099BC}.Debug|Any CPU.ActiveCfg = Debug|Any CPU
		{50B2631D-129C-47B3-A587-029CCD6099BC}.Debug|Any CPU.Build.0 = Debug|Any CPU
		{50B2631D-129C-47B3-A587-029CCD6099BC}.Release|Any CPU.ActiveCfg = Release|Any CPU
		{50B2631D-129C-47B3-A587-029CCD6099BC}.Release|Any CPU.Build.0 = Release|Any CPU
		{42F719ED-8413-4895-B5B4-5AB56079BC66}.Debug|Any CPU.ActiveCfg = Debug|Any CPU
		{42F719ED-8413-4895-B5B4-5AB56079BC66}.Debug|Any CPU.Build.0 = Debug|Any CPU
		{42F719ED-8413-4895-B5B4-5AB56079BC66}.Release|Any CPU.ActiveCfg = Release|Any CPU
		{42F719ED-8413-4895-B5B4-5AB56079BC66}.Release|Any CPU.Build.0 = Release|Any CPU
		{520659C8-C734-4298-A3DA-B539DB9DFC0B}.Debug|Any CPU.ActiveCfg = Debug|Any CPU
		{520659C8-C734-4298-A3DA-B539DB9DFC0B}.Debug|Any CPU.Build.0 = Debug|Any CPU
		{520659C8-C734-4298-A3DA-B539DB9DFC0B}.Release|Any CPU.ActiveCfg = Release|Any CPU
		{520659C8-C734-4298-A3DA-B539DB9DFC0B}.Release|Any CPU.Build.0 = Release|Any CPU
		{4164BDF7-F527-4E85-9CE6-E3C2D7426A27}.Debug|Any CPU.ActiveCfg = Debug|Any CPU
		{4164BDF7-F527-4E85-9CE6-E3C2D7426A27}.Debug|Any CPU.Build.0 = Debug|Any CPU
		{4164BDF7-F527-4E85-9CE6-E3C2D7426A27}.Release|Any CPU.ActiveCfg = Release|Any CPU
		{4164BDF7-F527-4E85-9CE6-E3C2D7426A27}.Release|Any CPU.Build.0 = Release|Any CPU
		{3B5A0094-670D-4BB1-BFDD-61B88A8773DC}.Debug|Any CPU.ActiveCfg = Debug|Any CPU
		{3B5A0094-670D-4BB1-BFDD-61B88A8773DC}.Debug|Any CPU.Build.0 = Debug|Any CPU
		{3B5A0094-670D-4BB1-BFDD-61B88A8773DC}.Release|Any CPU.ActiveCfg = Release|Any CPU
		{3B5A0094-670D-4BB1-BFDD-61B88A8773DC}.Release|Any CPU.Build.0 = Release|Any CPU
		{073C361E-B8F4-49F5-93CC-72A3FF49C026}.Debug|Any CPU.ActiveCfg = Debug|Any CPU
		{073C361E-B8F4-49F5-93CC-72A3FF49C026}.Debug|Any CPU.Build.0 = Debug|Any CPU
		{073C361E-B8F4-49F5-93CC-72A3FF49C026}.Release|Any CPU.ActiveCfg = Release|Any CPU
		{073C361E-B8F4-49F5-93CC-72A3FF49C026}.Release|Any CPU.Build.0 = Release|Any CPU
		{E6D5BF0E-DE92-4D82-A352-EF04B37CB11C}.Debug|Any CPU.ActiveCfg = Debug|Any CPU
		{E6D5BF0E-DE92-4D82-A352-EF04B37CB11C}.Debug|Any CPU.Build.0 = Debug|Any CPU
		{E6D5BF0E-DE92-4D82-A352-EF04B37CB11C}.Release|Any CPU.ActiveCfg = Release|Any CPU
		{E6D5BF0E-DE92-4D82-A352-EF04B37CB11C}.Release|Any CPU.Build.0 = Release|Any CPU
		{1FE30EB9-74A9-47F5-A9F6-7B1FAB672D81}.Debug|Any CPU.ActiveCfg = Debug|Any CPU
		{1FE30EB9-74A9-47F5-A9F6-7B1FAB672D81}.Debug|Any CPU.Build.0 = Debug|Any CPU
		{1FE30EB9-74A9-47F5-A9F6-7B1FAB672D81}.Release|Any CPU.ActiveCfg = Release|Any CPU
		{1FE30EB9-74A9-47F5-A9F6-7B1FAB672D81}.Release|Any CPU.Build.0 = Release|Any CPU
		{91853F21-9CD9-4132-BC29-A7D5D84FFFE7}.Debug|Any CPU.ActiveCfg = Debug|Any CPU
		{91853F21-9CD9-4132-BC29-A7D5D84FFFE7}.Debug|Any CPU.Build.0 = Debug|Any CPU
		{91853F21-9CD9-4132-BC29-A7D5D84FFFE7}.Release|Any CPU.ActiveCfg = Release|Any CPU
		{91853F21-9CD9-4132-BC29-A7D5D84FFFE7}.Release|Any CPU.Build.0 = Release|Any CPU
		{E512F4D9-9375-480F-A2F6-A46509F9D824}.Debug|Any CPU.ActiveCfg = Debug|Any CPU
		{E512F4D9-9375-480F-A2F6-A46509F9D824}.Debug|Any CPU.Build.0 = Debug|Any CPU
		{E512F4D9-9375-480F-A2F6-A46509F9D824}.Release|Any CPU.ActiveCfg = Release|Any CPU
		{E512F4D9-9375-480F-A2F6-A46509F9D824}.Release|Any CPU.Build.0 = Release|Any CPU
		{EF480016-9127-4916-8735-D2466BDBC582}.Debug|Any CPU.ActiveCfg = Debug|Any CPU
		{EF480016-9127-4916-8735-D2466BDBC582}.Debug|Any CPU.Build.0 = Debug|Any CPU
		{EF480016-9127-4916-8735-D2466BDBC582}.Release|Any CPU.ActiveCfg = Release|Any CPU
		{EF480016-9127-4916-8735-D2466BDBC582}.Release|Any CPU.Build.0 = Release|Any CPU
		{AA94D832-1CCC-4715-95A9-A483F23A1A5D}.Debug|Any CPU.ActiveCfg = Debug|Any CPU
		{AA94D832-1CCC-4715-95A9-A483F23A1A5D}.Debug|Any CPU.Build.0 = Debug|Any CPU
		{AA94D832-1CCC-4715-95A9-A483F23A1A5D}.Release|Any CPU.ActiveCfg = Release|Any CPU
		{AA94D832-1CCC-4715-95A9-A483F23A1A5D}.Release|Any CPU.Build.0 = Release|Any CPU
		{6E859FF6-8CE8-40B5-A2A2-E226369C0352}.Debug|Any CPU.ActiveCfg = Debug|Any CPU
		{6E859FF6-8CE8-40B5-A2A2-E226369C0352}.Debug|Any CPU.Build.0 = Debug|Any CPU
		{6E859FF6-8CE8-40B5-A2A2-E226369C0352}.Release|Any CPU.ActiveCfg = Release|Any CPU
		{6E859FF6-8CE8-40B5-A2A2-E226369C0352}.Release|Any CPU.Build.0 = Release|Any CPU
		{D9E9DA9E-2175-4037-9D50-04C91D2746C2}.Debug|Any CPU.ActiveCfg = Debug|Any CPU
		{D9E9DA9E-2175-4037-9D50-04C91D2746C2}.Debug|Any CPU.Build.0 = Debug|Any CPU
		{D9E9DA9E-2175-4037-9D50-04C91D2746C2}.Release|Any CPU.ActiveCfg = Release|Any CPU
		{D9E9DA9E-2175-4037-9D50-04C91D2746C2}.Release|Any CPU.Build.0 = Release|Any CPU
		{2A81046B-0B01-4A4E-814C-DB42B4AB0407}.Debug|Any CPU.ActiveCfg = Debug|Any CPU
		{2A81046B-0B01-4A4E-814C-DB42B4AB0407}.Debug|Any CPU.Build.0 = Debug|Any CPU
		{2A81046B-0B01-4A4E-814C-DB42B4AB0407}.Release|Any CPU.ActiveCfg = Release|Any CPU
		{2A81046B-0B01-4A4E-814C-DB42B4AB0407}.Release|Any CPU.Build.0 = Release|Any CPU
		{2D60F9A7-7C70-4F8A-8D22-B009F11FEF3A}.Debug|Any CPU.ActiveCfg = Debug|Any CPU
		{2D60F9A7-7C70-4F8A-8D22-B009F11FEF3A}.Debug|Any CPU.Build.0 = Debug|Any CPU
		{2D60F9A7-7C70-4F8A-8D22-B009F11FEF3A}.Release|Any CPU.ActiveCfg = Release|Any CPU
		{2D60F9A7-7C70-4F8A-8D22-B009F11FEF3A}.Release|Any CPU.Build.0 = Release|Any CPU
		{01455DC6-9F27-4279-B6BE-4DFC403E9C11}.Debug|Any CPU.ActiveCfg = Debug|Any CPU
		{01455DC6-9F27-4279-B6BE-4DFC403E9C11}.Debug|Any CPU.Build.0 = Debug|Any CPU
		{01455DC6-9F27-4279-B6BE-4DFC403E9C11}.Release|Any CPU.ActiveCfg = Release|Any CPU
		{01455DC6-9F27-4279-B6BE-4DFC403E9C11}.Release|Any CPU.Build.0 = Release|Any CPU
		{E47FED42-E2DC-4863-9F98-29217B0FAF4A}.Debug|Any CPU.ActiveCfg = Debug|Any CPU
		{E47FED42-E2DC-4863-9F98-29217B0FAF4A}.Debug|Any CPU.Build.0 = Debug|Any CPU
		{E47FED42-E2DC-4863-9F98-29217B0FAF4A}.Release|Any CPU.ActiveCfg = Release|Any CPU
		{E47FED42-E2DC-4863-9F98-29217B0FAF4A}.Release|Any CPU.Build.0 = Release|Any CPU
		{3E04C576-8890-4518-9C75-9326F938EF86}.Debug|Any CPU.ActiveCfg = Debug|Any CPU
		{3E04C576-8890-4518-9C75-9326F938EF86}.Debug|Any CPU.Build.0 = Debug|Any CPU
		{3E04C576-8890-4518-9C75-9326F938EF86}.Release|Any CPU.ActiveCfg = Release|Any CPU
		{3E04C576-8890-4518-9C75-9326F938EF86}.Release|Any CPU.Build.0 = Release|Any CPU
	EndGlobalSection
	GlobalSection(SolutionProperties) = preSolution
		HideSolutionNode = FALSE
	EndGlobalSection
	GlobalSection(NestedProjects) = preSolution
		{554AD327-6DBA-4F8F-96F8-81CE7A0C863F} = {0DD08DAD-8049-467F-9AA2-3B8376EFF228}
		{1A94A50E-06DC-43C1-80B5-B662820EC3EB} = {E673245F-AAEF-469D-99C1-4DFE50D26021}
		{C956DD76-69C8-4A9C-83EA-D17DF83340FD} = {6B677615-FC63-4E78-BF57-AACB33CCC376}
		{50B2631D-129C-47B3-A587-029CCD6099BC} = {19A29F80-D30E-4648-9E13-0BD7BF02C3CB}
		{42F719ED-8413-4895-B5B4-5AB56079BC66} = {0DD08DAD-8049-467F-9AA2-3B8376EFF228}
		{520659C8-C734-4298-A3DA-B539DB9DFC0B} = {E673245F-AAEF-469D-99C1-4DFE50D26021}
		{4164BDF7-F527-4E85-9CE6-E3C2D7426A27} = {E673245F-AAEF-469D-99C1-4DFE50D26021}
		{3B5A0094-670D-4BB1-BFDD-61B88A8773DC} = {E673245F-AAEF-469D-99C1-4DFE50D26021}
		{073C361E-B8F4-49F5-93CC-72A3FF49C026} = {19765ACE-D0C2-4A84-B0D5-B1CEA3CC6ADA}
		{E6D5BF0E-DE92-4D82-A352-EF04B37CB11C} = {E673245F-AAEF-469D-99C1-4DFE50D26021}
		{1FE30EB9-74A9-47F5-A9F6-7B1FAB672D81} = {73F0A9C4-188F-43B8-952F-563412C1D27B}
		{91853F21-9CD9-4132-BC29-A7D5D84FFFE7} = {73F0A9C4-188F-43B8-952F-563412C1D27B}
		{E512F4D9-9375-480F-A2F6-A46509F9D824} = {19A29F80-D30E-4648-9E13-0BD7BF02C3CB}
		{EF480016-9127-4916-8735-D2466BDBC582} = {73F0A9C4-188F-43B8-952F-563412C1D27B}
		{AA94D832-1CCC-4715-95A9-A483F23A1A5D} = {6B677615-FC63-4E78-BF57-AACB33CCC376}
		{19765ACE-D0C2-4A84-B0D5-B1CEA3CC6ADA} = {CA9AC87F-097E-4F15-8393-4BC07735A5B0}
		{D789CB94-87AC-4E79-A7FB-E9DBC48814CA} = {CA9AC87F-097E-4F15-8393-4BC07735A5B0}
		{0DD08DAD-8049-467F-9AA2-3B8376EFF228} = {D789CB94-87AC-4E79-A7FB-E9DBC48814CA}
		{6B677615-FC63-4E78-BF57-AACB33CCC376} = {D789CB94-87AC-4E79-A7FB-E9DBC48814CA}
		{E673245F-AAEF-469D-99C1-4DFE50D26021} = {CA9AC87F-097E-4F15-8393-4BC07735A5B0}
		{1BEF0ECA-D198-47C1-B92F-6082E3204250} = {CA9AC87F-097E-4F15-8393-4BC07735A5B0}
		{6E859FF6-8CE8-40B5-A2A2-E226369C0352} = {1BEF0ECA-D198-47C1-B92F-6082E3204250}
		{D9E9DA9E-2175-4037-9D50-04C91D2746C2} = {1BEF0ECA-D198-47C1-B92F-6082E3204250}
		{2A81046B-0B01-4A4E-814C-DB42B4AB0407} = {1BEF0ECA-D198-47C1-B92F-6082E3204250}
		{2D60F9A7-7C70-4F8A-8D22-B009F11FEF3A} = {1BEF0ECA-D198-47C1-B92F-6082E3204250}
		{01455DC6-9F27-4279-B6BE-4DFC403E9C11} = {1BEF0ECA-D198-47C1-B92F-6082E3204250}
		{19A29F80-D30E-4648-9E13-0BD7BF02C3CB} = {04DBDB01-70F4-4E06-B468-8F87850B22BE}
		{272E9A2C-C90A-4C4E-9C8B-0E13DEE774BD} = {04DBDB01-70F4-4E06-B468-8F87850B22BE}
		{E47FED42-E2DC-4863-9F98-29217B0FAF4A} = {272E9A2C-C90A-4C4E-9C8B-0E13DEE774BD}
		{3E04C576-8890-4518-9C75-9326F938EF86} = {272E9A2C-C90A-4C4E-9C8B-0E13DEE774BD}
		{73F0A9C4-188F-43B8-952F-563412C1D27B} = {04DBDB01-70F4-4E06-B468-8F87850B22BE}
	EndGlobalSection
	GlobalSection(ExtensibilityGlobals) = postSolution
		SolutionGuid = {28315BFD-90E7-4E14-A2EA-F3D23AF4126F}
	EndGlobalSection
EndGlobal
